
Microsoft Visual Studio Solution File, Format Version 12.00
# Visual Studio Version 16
VisualStudioVersion = 16.0.28407.52
MinimumVisualStudioVersion = 10.0.40219.1
Project("{9A19103F-16F7-4668-BE54-9A1E7A4F7556}") = "Hexis.WebApi", "Hexis.WebApi\Hexis.WebApi.csproj", "{53BEB392-EF99-45B6-A047-788E8919D092}"
EndProject
Project("{FAE04EC0-301F-11D3-BF4B-00C04F79EFBC}") = "Hexis", "Hexis\Hexis.csproj", "{D8602859-8283-4238-B519-10DC2A727164}"
EndProject
Project("{FAE04EC0-301F-11D3-BF4B-00C04F79EFBC}") = "Hexis.UnitTests", "Hexis.UnitTests\Hexis.UnitTests.csproj", "{9067F210-2208-4BE5-8988-A4334C705252}"
EndProject
Global
	GlobalSection(SolutionConfigurationPlatforms) = preSolution
		Debug|Any CPU = Debug|Any CPU
		Release|Any CPU = Release|Any CPU
	EndGlobalSection
	GlobalSection(ProjectConfigurationPlatforms) = postSolution
		{53BEB392-EF99-45B6-A047-788E8919D092}.Debug|Any CPU.ActiveCfg = Debug|Any CPU
		{53BEB392-EF99-45B6-A047-788E8919D092}.Debug|Any CPU.Build.0 = Debug|Any CPU
		{53BEB392-EF99-45B6-A047-788E8919D092}.Release|Any CPU.ActiveCfg = Release|Any CPU
		{53BEB392-EF99-45B6-A047-788E8919D092}.Release|Any CPU.Build.0 = Release|Any CPU
		{D8602859-8283-4238-B519-10DC2A727164}.Debug|Any CPU.ActiveCfg = Debug|Any CPU
		{D8602859-8283-4238-B519-10DC2A727164}.Debug|Any CPU.Build.0 = Debug|Any CPU
		{D8602859-8283-4238-B519-10DC2A727164}.Release|Any CPU.ActiveCfg = Release|Any CPU
		{D8602859-8283-4238-B519-10DC2A727164}.Release|Any CPU.Build.0 = Release|Any CPU
		{9067F210-2208-4BE5-8988-A4334C705252}.Debug|Any CPU.ActiveCfg = Debug|Any CPU
		{9067F210-2208-4BE5-8988-A4334C705252}.Debug|Any CPU.Build.0 = Debug|Any CPU
		{9067F210-2208-4BE5-8988-A4334C705252}.Release|Any CPU.ActiveCfg = Release|Any CPU
		{9067F210-2208-4BE5-8988-A4334C705252}.Release|Any CPU.Build.0 = Release|Any CPU
	EndGlobalSection
	GlobalSection(SolutionProperties) = preSolution
		HideSolutionNode = FALSE
	EndGlobalSection
	GlobalSection(ExtensibilityGlobals) = postSolution
		SolutionGuid = {6694FA6B-8465-4450-9A88-FF88A14BA0D3}
	EndGlobalSection
EndGlobal
